// !$*UTF8*$!
{
	archiveVersion = 1;
	classes = {
	};
	objectVersion = 46;
	objects = {

/* Begin PBXBuildFile section */
		0CA458E25589CF45573CD1A6 /* Pods_HardingLaw.framework in Frameworks */ = {isa = PBXBuildFile; fileRef = 74FF42553147017757177C12 /* Pods_HardingLaw.framework */; };
		972B84F31E6D960A00E5FC46 /* icn_message.png in Resources */ = {isa = PBXBuildFile; fileRef = 972B84F21E6D960A00E5FC46 /* icn_message.png */; };
		972F60191E6D03AB007BC8EF /* ChannelListViewController.swift in Sources */ = {isa = PBXBuildFile; fileRef = 972F60181E6D03AB007BC8EF /* ChannelListViewController.swift */; };
		972F601B1E6D047C007BC8EF /* Channel.swift in Sources */ = {isa = PBXBuildFile; fileRef = 972F601A1E6D047C007BC8EF /* Channel.swift */; };
		972F601D1E6D0543007BC8EF /* CreateChannelCell.swift in Sources */ = {isa = PBXBuildFile; fileRef = 972F601C1E6D0543007BC8EF /* CreateChannelCell.swift */; };
		972F601F1E6D0611007BC8EF /* UIImage+Gif.swift in Sources */ = {isa = PBXBuildFile; fileRef = 972F601E1E6D0611007BC8EF /* UIImage+Gif.swift */; };
		972F60211E6D2661007BC8EF /* MessageViewController.swift in Sources */ = {isa = PBXBuildFile; fileRef = 972F60201E6D2661007BC8EF /* MessageViewController.swift */; };
		972F60241E6D39EB007BC8EF /* Main.storyboard in Resources */ = {isa = PBXBuildFile; fileRef = 972F60221E6D39EB007BC8EF /* Main.storyboard */; };
		9746A91B1E5F44C50013D856 /* AttoneyLocationViewController.swift in Sources */ = {isa = PBXBuildFile; fileRef = 9746A91A1E5F44C50013D856 /* AttoneyLocationViewController.swift */; };
		9746A91D1E5F4C1B0013D856 /* MapKit.framework in Frameworks */ = {isa = PBXBuildFile; fileRef = 9746A91C1E5F4C1B0013D856 /* MapKit.framework */; };
		9746A92B1E5F51BD0013D856 /* 20.png in Resources */ = {isa = PBXBuildFile; fileRef = 9746A91E1E5F51BD0013D856 /* 20.png */; };
		9746A92C1E5F51BD0013D856 /* 29.png in Resources */ = {isa = PBXBuildFile; fileRef = 9746A91F1E5F51BD0013D856 /* 29.png */; };
		9746A92D1E5F51BD0013D856 /* 58.png in Resources */ = {isa = PBXBuildFile; fileRef = 9746A9201E5F51BD0013D856 /* 58.png */; };
		9746A92E1E5F51BD0013D856 /* 60.png in Resources */ = {isa = PBXBuildFile; fileRef = 9746A9211E5F51BD0013D856 /* 60.png */; };
		9746A92F1E5F51BD0013D856 /* 76.png in Resources */ = {isa = PBXBuildFile; fileRef = 9746A9221E5F51BD0013D856 /* 76.png */; };
		9746A9301E5F51BD0013D856 /* 80.png in Resources */ = {isa = PBXBuildFile; fileRef = 9746A9231E5F51BD0013D856 /* 80.png */; };
		9746A9311E5F51BD0013D856 /* 87.png in Resources */ = {isa = PBXBuildFile; fileRef = 9746A9241E5F51BD0013D856 /* 87.png */; };
		9746A9321E5F51BD0013D856 /* 120.png in Resources */ = {isa = PBXBuildFile; fileRef = 9746A9251E5F51BD0013D856 /* 120.png */; };
		9746A9331E5F51BD0013D856 /* 152.png in Resources */ = {isa = PBXBuildFile; fileRef = 9746A9261E5F51BD0013D856 /* 152.png */; };
		9746A9341E5F51BD0013D856 /* 167.png in Resources */ = {isa = PBXBuildFile; fileRef = 9746A9271E5F51BD0013D856 /* 167.png */; };
		9746A9351E5F51BD0013D856 /* 180.png in Resources */ = {isa = PBXBuildFile; fileRef = 9746A9281E5F51BD0013D856 /* 180.png */; };
		9746A9361E5F51BD0013D856 /* 40.png in Resources */ = {isa = PBXBuildFile; fileRef = 9746A9291E5F51BD0013D856 /* 40.png */; };
		9746A9371E5F51BD0013D856 /* background_.png in Resources */ = {isa = PBXBuildFile; fileRef = 9746A92A1E5F51BD0013D856 /* background_.png */; };
		9746A9391E5F52D40013D856 /* CoreLocation.framework in Frameworks */ = {isa = PBXBuildFile; fileRef = 9746A9381E5F52D40013D856 /* CoreLocation.framework */; };
		9746A93B1E6006270013D856 /* MediaViewController.swift in Sources */ = {isa = PBXBuildFile; fileRef = 9746A93A1E6006270013D856 /* MediaViewController.swift */; };
		974703F41E5DD592004AA051 /* Phil-and-Jeff.jpg in Resources */ = {isa = PBXBuildFile; fileRef = 974703F31E5DD592004AA051 /* Phil-and-Jeff.jpg */; };
		974703F91E5DDA9D004AA051 /* btn_call_attorney.png in Resources */ = {isa = PBXBuildFile; fileRef = 974703F51E5DDA9D004AA051 /* btn_call_attorney.png */; };
		974703FA1E5DDA9D004AA051 /* btn_chat.png in Resources */ = {isa = PBXBuildFile; fileRef = 974703F61E5DDA9D004AA051 /* btn_chat.png */; };
		974703FB1E5DDA9D004AA051 /* btn_email.png in Resources */ = {isa = PBXBuildFile; fileRef = 974703F71E5DDA9D004AA051 /* btn_email.png */; };
		974703FC1E5DDA9D004AA051 /* btn_location.png in Resources */ = {isa = PBXBuildFile; fileRef = 974703F81E5DDA9D004AA051 /* btn_location.png */; };
		974704011E5DEC2F004AA051 /* btn_takephoto.png in Resources */ = {isa = PBXBuildFile; fileRef = 974703FD1E5DEC2F004AA051 /* btn_takephoto.png */; };
		974704021E5DEC2F004AA051 /* icn_date.png in Resources */ = {isa = PBXBuildFile; fileRef = 974703FE1E5DEC2F004AA051 /* icn_date.png */; };
		974704031E5DEC2F004AA051 /* icn_location.png in Resources */ = {isa = PBXBuildFile; fileRef = 974703FF1E5DEC2F004AA051 /* icn_location.png */; };
		974704041E5DEC2F004AA051 /* icn_time.png in Resources */ = {isa = PBXBuildFile; fileRef = 974704001E5DEC2F004AA051 /* icn_time.png */; };
		974704061E5DF722004AA051 /* btnRoundBack.png in Resources */ = {isa = PBXBuildFile; fileRef = 974704051E5DF722004AA051 /* btnRoundBack.png */; };
		9747040A1E5DFA0E004AA051 /* btnNext.png in Resources */ = {isa = PBXBuildFile; fileRef = 974704091E5DFA0E004AA051 /* btnNext.png */; };
		9747040C1E5E197F004AA051 /* NewInjuryViewController.swift in Sources */ = {isa = PBXBuildFile; fileRef = 9747040B1E5E197F004AA051 /* NewInjuryViewController.swift */; };
		9747040E1E5E1A2B004AA051 /* EmergencyServiceViewController.swift in Sources */ = {isa = PBXBuildFile; fileRef = 9747040D1E5E1A2B004AA051 /* EmergencyServiceViewController.swift */; };
		974704101E5E1D69004AA051 /* icn_share.png in Resources */ = {isa = PBXBuildFile; fileRef = 9747040F1E5E1D69004AA051 /* icn_share.png */; };
		974704121E5E2112004AA051 /* ShareViewController.swift in Sources */ = {isa = PBXBuildFile; fileRef = 974704111E5E2112004AA051 /* ShareViewController.swift */; };
		974704141E5E27C9004AA051 /* icn_notification.png in Resources */ = {isa = PBXBuildFile; fileRef = 974704131E5E27C9004AA051 /* icn_notification.png */; };
		9781269A1E6E4EE100280F15 /* Notification.swift in Sources */ = {isa = PBXBuildFile; fileRef = 978126991E6E4EE100280F15 /* Notification.swift */; };
		9781269C1E6E5F3F00280F15 /* NotificationsViewController.swift in Sources */ = {isa = PBXBuildFile; fileRef = 9781269B1E6E5F3F00280F15 /* NotificationsViewController.swift */; };
		9781269E1E6E603A00280F15 /* NotificationContainerViewController.swift in Sources */ = {isa = PBXBuildFile; fileRef = 9781269D1E6E603A00280F15 /* NotificationContainerViewController.swift */; };
		978A19801E59E877005AF43C /* AppDelegate.swift in Sources */ = {isa = PBXBuildFile; fileRef = 978A197F1E59E877005AF43C /* AppDelegate.swift */; };
		978A19821E59E877005AF43C /* HomeViewController.swift in Sources */ = {isa = PBXBuildFile; fileRef = 978A19811E59E877005AF43C /* HomeViewController.swift */; };
		978A19841E59E877005AF43C /* VerdictsViewController.swift in Sources */ = {isa = PBXBuildFile; fileRef = 978A19831E59E877005AF43C /* VerdictsViewController.swift */; };
		978A19891E59E877005AF43C /* Assets.xcassets in Resources */ = {isa = PBXBuildFile; fileRef = 978A19881E59E877005AF43C /* Assets.xcassets */; };
		978A198C1E59E878005AF43C /* LaunchScreen.storyboard in Resources */ = {isa = PBXBuildFile; fileRef = 978A198A1E59E878005AF43C /* LaunchScreen.storyboard */; };
		978A19971E59E878005AF43C /* HardingLawTests.swift in Sources */ = {isa = PBXBuildFile; fileRef = 978A19961E59E878005AF43C /* HardingLawTests.swift */; };
		978A19A21E59E878005AF43C /* HardingLawUITests.swift in Sources */ = {isa = PBXBuildFile; fileRef = 978A19A11E59E878005AF43C /* HardingLawUITests.swift */; };
		978A19B91E59FFDA005AF43C /* splash1136.png in Resources */ = {isa = PBXBuildFile; fileRef = 978A19B51E59FFDA005AF43C /* splash1136.png */; };
		978A19BA1E59FFDA005AF43C /* splash1136@2x.png in Resources */ = {isa = PBXBuildFile; fileRef = 978A19B61E59FFDA005AF43C /* splash1136@2x.png */; };
		978A19BB1E59FFDA005AF43C /* splash480.png in Resources */ = {isa = PBXBuildFile; fileRef = 978A19B71E59FFDA005AF43C /* splash480.png */; };
		978A19BC1E59FFDA005AF43C /* splash640.png in Resources */ = {isa = PBXBuildFile; fileRef = 978A19B81E59FFDA005AF43C /* splash640.png */; };
		978A19CD1E5A03C8005AF43C /* icn_about_us.png in Resources */ = {isa = PBXBuildFile; fileRef = 978A19C51E5A03C8005AF43C /* icn_about_us.png */; };
		978A19CE1E5A03C8005AF43C /* icn_about_us@2x.png in Resources */ = {isa = PBXBuildFile; fileRef = 978A19C61E5A03C8005AF43C /* icn_about_us@2x.png */; };
		978A19CF1E5A03C8005AF43C /* icn_contacts.png in Resources */ = {isa = PBXBuildFile; fileRef = 978A19C71E5A03C8005AF43C /* icn_contacts.png */; };
		978A19D01E5A03C8005AF43C /* icn_contacts@2x.png in Resources */ = {isa = PBXBuildFile; fileRef = 978A19C81E5A03C8005AF43C /* icn_contacts@2x.png */; };
		978A19D11E5A03C8005AF43C /* icn_home.png in Resources */ = {isa = PBXBuildFile; fileRef = 978A19C91E5A03C8005AF43C /* icn_home.png */; };
		978A19D21E5A03C8005AF43C /* icn_home@2x.png in Resources */ = {isa = PBXBuildFile; fileRef = 978A19CA1E5A03C8005AF43C /* icn_home@2x.png */; };
		978A19D31E5A03C8005AF43C /* icn_media.png in Resources */ = {isa = PBXBuildFile; fileRef = 978A19CB1E5A03C8005AF43C /* icn_media.png */; };
		978A19D41E5A03C8005AF43C /* icn_media@2x.png in Resources */ = {isa = PBXBuildFile; fileRef = 978A19CC1E5A03C8005AF43C /* icn_media@2x.png */; };
		978A19D81E5A07EE005AF43C /* logo.png in Resources */ = {isa = PBXBuildFile; fileRef = 978A19D51E5A07EE005AF43C /* logo.png */; };
		978A19D91E5A07EE005AF43C /* topbar.png in Resources */ = {isa = PBXBuildFile; fileRef = 978A19D61E5A07EE005AF43C /* topbar.png */; };
		978A19DA1E5A07EE005AF43C /* topbar@2x.png in Resources */ = {isa = PBXBuildFile; fileRef = 978A19D71E5A07EE005AF43C /* topbar@2x.png */; };
		978A19E11E5A0E26005AF43C /* btn1.png in Resources */ = {isa = PBXBuildFile; fileRef = 978A19DB1E5A0E26005AF43C /* btn1.png */; };
		978A19E21E5A0E26005AF43C /* btn2.png in Resources */ = {isa = PBXBuildFile; fileRef = 978A19DC1E5A0E26005AF43C /* btn2.png */; };
		978A19E31E5A0E26005AF43C /* btn3.png in Resources */ = {isa = PBXBuildFile; fileRef = 978A19DD1E5A0E26005AF43C /* btn3.png */; };
		978A19E41E5A0E26005AF43C /* btn4.png in Resources */ = {isa = PBXBuildFile; fileRef = 978A19DE1E5A0E26005AF43C /* btn4.png */; };
		978A19E51E5A0E26005AF43C /* btn5.png in Resources */ = {isa = PBXBuildFile; fileRef = 978A19DF1E5A0E26005AF43C /* btn5.png */; };
		978A19E61E5A0E26005AF43C /* btn6.png in Resources */ = {isa = PBXBuildFile; fileRef = 978A19E01E5A0E26005AF43C /* btn6.png */; };
		97949A1A1E6DAAB8003E2649 /* icn_detail.png in Resources */ = {isa = PBXBuildFile; fileRef = 97949A191E6DAAB8003E2649 /* icn_detail.png */; };
		97A0F7551E6499FC006303E3 /* NearbyMapViewController.swift in Sources */ = {isa = PBXBuildFile; fileRef = 97A0F7541E6499FC006303E3 /* NearbyMapViewController.swift */; };
		97A0F7571E65CC83006303E3 /* LocationPickerViewController.swift in Sources */ = {isa = PBXBuildFile; fileRef = 97A0F7561E65CC83006303E3 /* LocationPickerViewController.swift */; };
		97BB53A11E5BD37900600E22 /* HowToUseAppViewController.swift in Sources */ = {isa = PBXBuildFile; fileRef = 97BB53A01E5BD37900600E22 /* HowToUseAppViewController.swift */; };
		97BB53A41E5BFE4900600E22 /* btnBack.png in Resources */ = {isa = PBXBuildFile; fileRef = 97BB53A21E5BFE4900600E22 /* btnBack.png */; };
		97BB53A51E5BFE4900600E22 /* topbarback.png in Resources */ = {isa = PBXBuildFile; fileRef = 97BB53A31E5BFE4900600E22 /* topbarback.png */; };
		97BB53A71E5C546800600E22 /* btnBack1.png in Resources */ = {isa = PBXBuildFile; fileRef = 97BB53A61E5C546800600E22 /* btnBack1.png */; };
		97BB53AA1E5C61E700600E22 /* howtouse1.png in Resources */ = {isa = PBXBuildFile; fileRef = 97BB53A81E5C61E700600E22 /* howtouse1.png */; };
		97BB53AB1E5C61E700600E22 /* howtouse2.png in Resources */ = {isa = PBXBuildFile; fileRef = 97BB53A91E5C61E700600E22 /* howtouse2.png */; };
		97BB53B01E5C89A700600E22 /* background.png in Resources */ = {isa = PBXBuildFile; fileRef = 97BB53AF1E5C89A700600E22 /* background.png */; };
		97BB53B21E5C90BA00600E22 /* icn_police.png in Resources */ = {isa = PBXBuildFile; fileRef = 97BB53B11E5C90BA00600E22 /* icn_police.png */; };
		97BB53B41E5C924C00600E22 /* icn_carrepair.png in Resources */ = {isa = PBXBuildFile; fileRef = 97BB53B31E5C924C00600E22 /* icn_carrepair.png */; };
		97BB53B61E5C94A600600E22 /* icn_hospital.png in Resources */ = {isa = PBXBuildFile; fileRef = 97BB53B51E5C94A600600E22 /* icn_hospital.png */; };
		97BB53B81E5C95DB00600E22 /* icn_taxi.png in Resources */ = {isa = PBXBuildFile; fileRef = 97BB53B71E5C95DB00600E22 /* icn_taxi.png */; };
		97BB53BA1E5C96C200600E22 /* icn_call.png in Resources */ = {isa = PBXBuildFile; fileRef = 97BB53B91E5C96C200600E22 /* icn_call.png */; };
		97BB53BE1E5C9A3900600E22 /* btn_back.png in Resources */ = {isa = PBXBuildFile; fileRef = 97BB53BD1E5C9A3900600E22 /* btn_back.png */; };
		97BB53C01E5C9C2400600E22 /* btn_police.png in Resources */ = {isa = PBXBuildFile; fileRef = 97BB53BF1E5C9C2400600E22 /* btn_police.png */; };
		97BB53C61E5C9FE200600E22 /* btn_call.png in Resources */ = {isa = PBXBuildFile; fileRef = 97BB53C11E5C9FE200600E22 /* btn_call.png */; };
		97BB53C71E5C9FE200600E22 /* btn_hospital.png in Resources */ = {isa = PBXBuildFile; fileRef = 97BB53C21E5C9FE200600E22 /* btn_hospital.png */; };
		97BB53C81E5C9FE200600E22 /* btn_repair.png in Resources */ = {isa = PBXBuildFile; fileRef = 97BB53C31E5C9FE200600E22 /* btn_repair.png */; };
		97BB53C91E5C9FE200600E22 /* btn_taxi.png in Resources */ = {isa = PBXBuildFile; fileRef = 97BB53C41E5C9FE200600E22 /* btn_taxi.png */; };
		97BB53CA1E5C9FE200600E22 /* btn_truck.png in Resources */ = {isa = PBXBuildFile; fileRef = 97BB53C51E5C9FE200600E22 /* btn_truck.png */; };
		97BB53CC1E5DC3EC00600E22 /* verdicts.html in Resources */ = {isa = PBXBuildFile; fileRef = 97BB53CB1E5DC3EC00600E22 /* verdicts.html */; };
		97BB53CE1E5DC61100600E22 /* AboutUsViewController.swift in Sources */ = {isa = PBXBuildFile; fileRef = 97BB53CD1E5DC61100600E22 /* AboutUsViewController.swift */; };
		97BB53D01E5DCD1C00600E22 /* aboutus.html in Resources */ = {isa = PBXBuildFile; fileRef = 97BB53CF1E5DCD1C00600E22 /* aboutus.html */; };
		97C5B7591E68A41100C25E05 /* LoginViewController.swift in Sources */ = {isa = PBXBuildFile; fileRef = 97C5B7581E68A41100C25E05 /* LoginViewController.swift */; };
		97C5B75E1E68A74700C25E05 /* btnLogin.png in Resources */ = {isa = PBXBuildFile; fileRef = 97C5B75C1E68A74700C25E05 /* btnLogin.png */; };
		97C5B75F1E68A74700C25E05 /* login_back.png in Resources */ = {isa = PBXBuildFile; fileRef = 97C5B75D1E68A74700C25E05 /* login_back.png */; };
		97C5B7621E68A8AF00C25E05 /* login_icon.png in Resources */ = {isa = PBXBuildFile; fileRef = 97C5B7601E68A8AF00C25E05 /* login_icon.png */; };
		97C5B7631E68A8AF00C25E05 /* login_name.png in Resources */ = {isa = PBXBuildFile; fileRef = 97C5B7611E68A8AF00C25E05 /* login_name.png */; };
		97C5B7651E68C03A00C25E05 /* ChatViewController.swift in Sources */ = {isa = PBXBuildFile; fileRef = 97C5B7641E68C03A00C25E05 /* ChatViewController.swift */; };
		97CB3FB21E5F19B300EF1029 /* ContactUs.swift in Sources */ = {isa = PBXBuildFile; fileRef = 97CB3FB11E5F19B300EF1029 /* ContactUs.swift */; };
		97CB3FB51E5F2D8F00EF1029 /* MessageUI.framework in Frameworks */ = {isa = PBXBuildFile; fileRef = 97CB3FB41E5F2D8F00EF1029 /* MessageUI.framework */; };
		97CB3FB71E5F2DA900EF1029 /* Messages.framework in Frameworks */ = {isa = PBXBuildFile; fileRef = 97CB3FB61E5F2DA900EF1029 /* Messages.framework */; };
		97D055881E6995D4007272F7 /* GoogleService-Info.plist in Resources */ = {isa = PBXBuildFile; fileRef = 97D055871E6995D4007272F7 /* GoogleService-Info.plist */; };
		97FF693A1E6F3CDB0068EAFA /* icn_bell.png in Resources */ = {isa = PBXBuildFile; fileRef = 97FF69391E6F3CDB0068EAFA /* icn_bell.png */; };
/* End PBXBuildFile section */

/* Begin PBXContainerItemProxy section */
		978A19931E59E878005AF43C /* PBXContainerItemProxy */ = {
			isa = PBXContainerItemProxy;
			containerPortal = 978A19741E59E877005AF43C /* Project object */;
			proxyType = 1;
			remoteGlobalIDString = 978A197B1E59E877005AF43C;
			remoteInfo = HardingLaw;
		};
		978A199E1E59E878005AF43C /* PBXContainerItemProxy */ = {
			isa = PBXContainerItemProxy;
			containerPortal = 978A19741E59E877005AF43C /* Project object */;
			proxyType = 1;
			remoteGlobalIDString = 978A197B1E59E877005AF43C;
			remoteInfo = HardingLaw;
		};
/* End PBXContainerItemProxy section */

/* Begin PBXFileReference section */
		74FF42553147017757177C12 /* Pods_HardingLaw.framework */ = {isa = PBXFileReference; explicitFileType = wrapper.framework; includeInIndex = 0; path = Pods_HardingLaw.framework; sourceTree = BUILT_PRODUCTS_DIR; };
		776A4A0FA55D9C29B6724A99 /* Pods-HardingLaw.release.xcconfig */ = {isa = PBXFileReference; includeInIndex = 1; lastKnownFileType = text.xcconfig; name = "Pods-HardingLaw.release.xcconfig"; path = "Pods/Target Support Files/Pods-HardingLaw/Pods-HardingLaw.release.xcconfig"; sourceTree = "<group>"; };
		84D304CE3BC00A289B97A175 /* Pods-HardingLaw.debug.xcconfig */ = {isa = PBXFileReference; includeInIndex = 1; lastKnownFileType = text.xcconfig; name = "Pods-HardingLaw.debug.xcconfig"; path = "Pods/Target Support Files/Pods-HardingLaw/Pods-HardingLaw.debug.xcconfig"; sourceTree = "<group>"; };
		972B84F21E6D960A00E5FC46 /* icn_message.png */ = {isa = PBXFileReference; lastKnownFileType = image.png; path = icn_message.png; sourceTree = "<group>"; };
		972F60181E6D03AB007BC8EF /* ChannelListViewController.swift */ = {isa = PBXFileReference; fileEncoding = 4; lastKnownFileType = sourcecode.swift; path = ChannelListViewController.swift; sourceTree = "<group>"; };
		972F601A1E6D047C007BC8EF /* Channel.swift */ = {isa = PBXFileReference; fileEncoding = 4; lastKnownFileType = sourcecode.swift; path = Channel.swift; sourceTree = "<group>"; };
		972F601C1E6D0543007BC8EF /* CreateChannelCell.swift */ = {isa = PBXFileReference; fileEncoding = 4; lastKnownFileType = sourcecode.swift; path = CreateChannelCell.swift; sourceTree = "<group>"; };
		972F601E1E6D0611007BC8EF /* UIImage+Gif.swift */ = {isa = PBXFileReference; fileEncoding = 4; lastKnownFileType = sourcecode.swift; path = "UIImage+Gif.swift"; sourceTree = "<group>"; };
		972F60201E6D2661007BC8EF /* MessageViewController.swift */ = {isa = PBXFileReference; fileEncoding = 4; lastKnownFileType = sourcecode.swift; path = MessageViewController.swift; sourceTree = "<group>"; };
		972F60231E6D39EB007BC8EF /* Base */ = {isa = PBXFileReference; lastKnownFileType = file.storyboard; name = Base; path = Base.lproj/Main.storyboard; sourceTree = "<group>"; };
		9746A91A1E5F44C50013D856 /* AttoneyLocationViewController.swift */ = {isa = PBXFileReference; fileEncoding = 4; lastKnownFileType = sourcecode.swift; path = AttoneyLocationViewController.swift; sourceTree = "<group>"; };
		9746A91C1E5F4C1B0013D856 /* MapKit.framework */ = {isa = PBXFileReference; lastKnownFileType = wrapper.framework; name = MapKit.framework; path = System/Library/Frameworks/MapKit.framework; sourceTree = SDKROOT; };
		9746A91E1E5F51BD0013D856 /* 20.png */ = {isa = PBXFileReference; lastKnownFileType = image.png; path = 20.png; sourceTree = "<group>"; };
		9746A91F1E5F51BD0013D856 /* 29.png */ = {isa = PBXFileReference; lastKnownFileType = image.png; path = 29.png; sourceTree = "<group>"; };
		9746A9201E5F51BD0013D856 /* 58.png */ = {isa = PBXFileReference; lastKnownFileType = image.png; path = 58.png; sourceTree = "<group>"; };
		9746A9211E5F51BD0013D856 /* 60.png */ = {isa = PBXFileReference; lastKnownFileType = image.png; path = 60.png; sourceTree = "<group>"; };
		9746A9221E5F51BD0013D856 /* 76.png */ = {isa = PBXFileReference; lastKnownFileType = image.png; path = 76.png; sourceTree = "<group>"; };
		9746A9231E5F51BD0013D856 /* 80.png */ = {isa = PBXFileReference; lastKnownFileType = image.png; path = 80.png; sourceTree = "<group>"; };
		9746A9241E5F51BD0013D856 /* 87.png */ = {isa = PBXFileReference; lastKnownFileType = image.png; path = 87.png; sourceTree = "<group>"; };
		9746A9251E5F51BD0013D856 /* 120.png */ = {isa = PBXFileReference; lastKnownFileType = image.png; path = 120.png; sourceTree = "<group>"; };
		9746A9261E5F51BD0013D856 /* 152.png */ = {isa = PBXFileReference; lastKnownFileType = image.png; path = 152.png; sourceTree = "<group>"; };
		9746A9271E5F51BD0013D856 /* 167.png */ = {isa = PBXFileReference; lastKnownFileType = image.png; path = 167.png; sourceTree = "<group>"; };
		9746A9281E5F51BD0013D856 /* 180.png */ = {isa = PBXFileReference; lastKnownFileType = image.png; path = 180.png; sourceTree = "<group>"; };
		9746A9291E5F51BD0013D856 /* 40.png */ = {isa = PBXFileReference; lastKnownFileType = image.png; path = 40.png; sourceTree = "<group>"; };
		9746A92A1E5F51BD0013D856 /* background_.png */ = {isa = PBXFileReference; lastKnownFileType = image.png; path = background_.png; sourceTree = "<group>"; };
		9746A9381E5F52D40013D856 /* CoreLocation.framework */ = {isa = PBXFileReference; lastKnownFileType = wrapper.framework; name = CoreLocation.framework; path = System/Library/Frameworks/CoreLocation.framework; sourceTree = SDKROOT; };
		9746A93A1E6006270013D856 /* MediaViewController.swift */ = {isa = PBXFileReference; fileEncoding = 4; lastKnownFileType = sourcecode.swift; path = MediaViewController.swift; sourceTree = "<group>"; };
		974703F31E5DD592004AA051 /* Phil-and-Jeff.jpg */ = {isa = PBXFileReference; lastKnownFileType = image.jpeg; path = "Phil-and-Jeff.jpg"; sourceTree = "<group>"; };
		974703F51E5DDA9D004AA051 /* btn_call_attorney.png */ = {isa = PBXFileReference; lastKnownFileType = image.png; path = btn_call_attorney.png; sourceTree = "<group>"; };
		974703F61E5DDA9D004AA051 /* btn_chat.png */ = {isa = PBXFileReference; lastKnownFileType = image.png; path = btn_chat.png; sourceTree = "<group>"; };
		974703F71E5DDA9D004AA051 /* btn_email.png */ = {isa = PBXFileReference; lastKnownFileType = image.png; path = btn_email.png; sourceTree = "<group>"; };
		974703F81E5DDA9D004AA051 /* btn_location.png */ = {isa = PBXFileReference; lastKnownFileType = image.png; path = btn_location.png; sourceTree = "<group>"; };
		974703FD1E5DEC2F004AA051 /* btn_takephoto.png */ = {isa = PBXFileReference; lastKnownFileType = image.png; path = btn_takephoto.png; sourceTree = "<group>"; };
		974703FE1E5DEC2F004AA051 /* icn_date.png */ = {isa = PBXFileReference; lastKnownFileType = image.png; path = icn_date.png; sourceTree = "<group>"; };
		974703FF1E5DEC2F004AA051 /* icn_location.png */ = {isa = PBXFileReference; lastKnownFileType = image.png; path = icn_location.png; sourceTree = "<group>"; };
		974704001E5DEC2F004AA051 /* icn_time.png */ = {isa = PBXFileReference; lastKnownFileType = image.png; path = icn_time.png; sourceTree = "<group>"; };
		974704051E5DF722004AA051 /* btnRoundBack.png */ = {isa = PBXFileReference; lastKnownFileType = image.png; path = btnRoundBack.png; sourceTree = "<group>"; };
		974704091E5DFA0E004AA051 /* btnNext.png */ = {isa = PBXFileReference; lastKnownFileType = image.png; path = btnNext.png; sourceTree = "<group>"; };
		9747040B1E5E197F004AA051 /* NewInjuryViewController.swift */ = {isa = PBXFileReference; fileEncoding = 4; lastKnownFileType = sourcecode.swift; path = NewInjuryViewController.swift; sourceTree = "<group>"; };
		9747040D1E5E1A2B004AA051 /* EmergencyServiceViewController.swift */ = {isa = PBXFileReference; fileEncoding = 4; lastKnownFileType = sourcecode.swift; path = EmergencyServiceViewController.swift; sourceTree = "<group>"; };
		9747040F1E5E1D69004AA051 /* icn_share.png */ = {isa = PBXFileReference; lastKnownFileType = image.png; path = icn_share.png; sourceTree = "<group>"; };
		974704111E5E2112004AA051 /* ShareViewController.swift */ = {isa = PBXFileReference; fileEncoding = 4; lastKnownFileType = sourcecode.swift; path = ShareViewController.swift; sourceTree = "<group>"; };
		974704131E5E27C9004AA051 /* icn_notification.png */ = {isa = PBXFileReference; lastKnownFileType = image.png; path = icn_notification.png; sourceTree = "<group>"; };
		978126991E6E4EE100280F15 /* Notification.swift */ = {isa = PBXFileReference; fileEncoding = 4; lastKnownFileType = sourcecode.swift; path = Notification.swift; sourceTree = "<group>"; };
		9781269B1E6E5F3F00280F15 /* NotificationsViewController.swift */ = {isa = PBXFileReference; fileEncoding = 4; lastKnownFileType = sourcecode.swift; path = NotificationsViewController.swift; sourceTree = "<group>"; };
		9781269D1E6E603A00280F15 /* NotificationContainerViewController.swift */ = {isa = PBXFileReference; fileEncoding = 4; lastKnownFileType = sourcecode.swift; path = NotificationContainerViewController.swift; sourceTree = "<group>"; };
		978A197C1E59E877005AF43C /* HardingLaw.app */ = {isa = PBXFileReference; explicitFileType = wrapper.application; includeInIndex = 0; path = HardingLaw.app; sourceTree = BUILT_PRODUCTS_DIR; };
		978A197F1E59E877005AF43C /* AppDelegate.swift */ = {isa = PBXFileReference; lastKnownFileType = sourcecode.swift; path = AppDelegate.swift; sourceTree = "<group>"; };
		978A19811E59E877005AF43C /* HomeViewController.swift */ = {isa = PBXFileReference; lastKnownFileType = sourcecode.swift; path = HomeViewController.swift; sourceTree = "<group>"; };
		978A19831E59E877005AF43C /* VerdictsViewController.swift */ = {isa = PBXFileReference; lastKnownFileType = sourcecode.swift; path = VerdictsViewController.swift; sourceTree = "<group>"; };
		978A19881E59E877005AF43C /* Assets.xcassets */ = {isa = PBXFileReference; lastKnownFileType = folder.assetcatalog; path = Assets.xcassets; sourceTree = "<group>"; };
		978A198B1E59E878005AF43C /* Base */ = {isa = PBXFileReference; lastKnownFileType = file.storyboard; name = Base; path = Base.lproj/LaunchScreen.storyboard; sourceTree = "<group>"; };
		978A198D1E59E878005AF43C /* Info.plist */ = {isa = PBXFileReference; lastKnownFileType = text.plist.xml; path = Info.plist; sourceTree = "<group>"; };
		978A19921E59E878005AF43C /* HardingLawTests.xctest */ = {isa = PBXFileReference; explicitFileType = wrapper.cfbundle; includeInIndex = 0; path = HardingLawTests.xctest; sourceTree = BUILT_PRODUCTS_DIR; };
		978A19961E59E878005AF43C /* HardingLawTests.swift */ = {isa = PBXFileReference; lastKnownFileType = sourcecode.swift; path = HardingLawTests.swift; sourceTree = "<group>"; };
		978A19981E59E878005AF43C /* Info.plist */ = {isa = PBXFileReference; lastKnownFileType = text.plist.xml; path = Info.plist; sourceTree = "<group>"; };
		978A199D1E59E878005AF43C /* HardingLawUITests.xctest */ = {isa = PBXFileReference; explicitFileType = wrapper.cfbundle; includeInIndex = 0; path = HardingLawUITests.xctest; sourceTree = BUILT_PRODUCTS_DIR; };
		978A19A11E59E878005AF43C /* HardingLawUITests.swift */ = {isa = PBXFileReference; lastKnownFileType = sourcecode.swift; path = HardingLawUITests.swift; sourceTree = "<group>"; };
		978A19A31E59E878005AF43C /* Info.plist */ = {isa = PBXFileReference; lastKnownFileType = text.plist.xml; path = Info.plist; sourceTree = "<group>"; };
		978A19B51E59FFDA005AF43C /* splash1136.png */ = {isa = PBXFileReference; lastKnownFileType = image.png; path = splash1136.png; sourceTree = "<group>"; };
		978A19B61E59FFDA005AF43C /* splash1136@2x.png */ = {isa = PBXFileReference; lastKnownFileType = image.png; path = "splash1136@2x.png"; sourceTree = "<group>"; };
		978A19B71E59FFDA005AF43C /* splash480.png */ = {isa = PBXFileReference; lastKnownFileType = image.png; path = splash480.png; sourceTree = "<group>"; };
		978A19B81E59FFDA005AF43C /* splash640.png */ = {isa = PBXFileReference; lastKnownFileType = image.png; path = splash640.png; sourceTree = "<group>"; };
		978A19C51E5A03C8005AF43C /* icn_about_us.png */ = {isa = PBXFileReference; lastKnownFileType = image.png; path = icn_about_us.png; sourceTree = "<group>"; };
		978A19C61E5A03C8005AF43C /* icn_about_us@2x.png */ = {isa = PBXFileReference; lastKnownFileType = image.png; path = "icn_about_us@2x.png"; sourceTree = "<group>"; };
		978A19C71E5A03C8005AF43C /* icn_contacts.png */ = {isa = PBXFileReference; lastKnownFileType = image.png; path = icn_contacts.png; sourceTree = "<group>"; };
		978A19C81E5A03C8005AF43C /* icn_contacts@2x.png */ = {isa = PBXFileReference; lastKnownFileType = image.png; path = "icn_contacts@2x.png"; sourceTree = "<group>"; };
		978A19C91E5A03C8005AF43C /* icn_home.png */ = {isa = PBXFileReference; lastKnownFileType = image.png; path = icn_home.png; sourceTree = "<group>"; };
		978A19CA1E5A03C8005AF43C /* icn_home@2x.png */ = {isa = PBXFileReference; lastKnownFileType = image.png; path = "icn_home@2x.png"; sourceTree = "<group>"; };
		978A19CB1E5A03C8005AF43C /* icn_media.png */ = {isa = PBXFileReference; lastKnownFileType = image.png; path = icn_media.png; sourceTree = "<group>"; };
		978A19CC1E5A03C8005AF43C /* icn_media@2x.png */ = {isa = PBXFileReference; lastKnownFileType = image.png; path = "icn_media@2x.png"; sourceTree = "<group>"; };
		978A19D51E5A07EE005AF43C /* logo.png */ = {isa = PBXFileReference; lastKnownFileType = image.png; path = logo.png; sourceTree = "<group>"; };
		978A19D61E5A07EE005AF43C /* topbar.png */ = {isa = PBXFileReference; lastKnownFileType = image.png; path = topbar.png; sourceTree = "<group>"; };
		978A19D71E5A07EE005AF43C /* topbar@2x.png */ = {isa = PBXFileReference; lastKnownFileType = image.png; path = "topbar@2x.png"; sourceTree = "<group>"; };
		978A19DB1E5A0E26005AF43C /* btn1.png */ = {isa = PBXFileReference; lastKnownFileType = image.png; path = btn1.png; sourceTree = "<group>"; };
		978A19DC1E5A0E26005AF43C /* btn2.png */ = {isa = PBXFileReference; lastKnownFileType = image.png; path = btn2.png; sourceTree = "<group>"; };
		978A19DD1E5A0E26005AF43C /* btn3.png */ = {isa = PBXFileReference; lastKnownFileType = image.png; path = btn3.png; sourceTree = "<group>"; };
		978A19DE1E5A0E26005AF43C /* btn4.png */ = {isa = PBXFileReference; lastKnownFileType = image.png; path = btn4.png; sourceTree = "<group>"; };
		978A19DF1E5A0E26005AF43C /* btn5.png */ = {isa = PBXFileReference; lastKnownFileType = image.png; path = btn5.png; sourceTree = "<group>"; };
		978A19E01E5A0E26005AF43C /* btn6.png */ = {isa = PBXFileReference; lastKnownFileType = image.png; path = btn6.png; sourceTree = "<group>"; };
		97949A191E6DAAB8003E2649 /* icn_detail.png */ = {isa = PBXFileReference; lastKnownFileType = image.png; path = icn_detail.png; sourceTree = "<group>"; };
		97A0F7541E6499FC006303E3 /* NearbyMapViewController.swift */ = {isa = PBXFileReference; fileEncoding = 4; lastKnownFileType = sourcecode.swift; path = NearbyMapViewController.swift; sourceTree = "<group>"; };
		97A0F7561E65CC83006303E3 /* LocationPickerViewController.swift */ = {isa = PBXFileReference; fileEncoding = 4; lastKnownFileType = sourcecode.swift; path = LocationPickerViewController.swift; sourceTree = "<group>"; };
		97BB53A01E5BD37900600E22 /* HowToUseAppViewController.swift */ = {isa = PBXFileReference; fileEncoding = 4; lastKnownFileType = sourcecode.swift; path = HowToUseAppViewController.swift; sourceTree = "<group>"; };
		97BB53A21E5BFE4900600E22 /* btnBack.png */ = {isa = PBXFileReference; lastKnownFileType = image.png; path = btnBack.png; sourceTree = "<group>"; };
		97BB53A31E5BFE4900600E22 /* topbarback.png */ = {isa = PBXFileReference; lastKnownFileType = image.png; path = topbarback.png; sourceTree = "<group>"; };
		97BB53A61E5C546800600E22 /* btnBack1.png */ = {isa = PBXFileReference; lastKnownFileType = image.png; path = btnBack1.png; sourceTree = "<group>"; };
		97BB53A81E5C61E700600E22 /* howtouse1.png */ = {isa = PBXFileReference; lastKnownFileType = image.png; path = howtouse1.png; sourceTree = "<group>"; };
		97BB53A91E5C61E700600E22 /* howtouse2.png */ = {isa = PBXFileReference; lastKnownFileType = image.png; path = howtouse2.png; sourceTree = "<group>"; };
		97BB53AF1E5C89A700600E22 /* background.png */ = {isa = PBXFileReference; lastKnownFileType = image.png; path = background.png; sourceTree = "<group>"; };
		97BB53B11E5C90BA00600E22 /* icn_police.png */ = {isa = PBXFileReference; lastKnownFileType = image.png; path = icn_police.png; sourceTree = "<group>"; };
		97BB53B31E5C924C00600E22 /* icn_carrepair.png */ = {isa = PBXFileReference; lastKnownFileType = image.png; path = icn_carrepair.png; sourceTree = "<group>"; };
		97BB53B51E5C94A600600E22 /* icn_hospital.png */ = {isa = PBXFileReference; lastKnownFileType = image.png; path = icn_hospital.png; sourceTree = "<group>"; };
		97BB53B71E5C95DB00600E22 /* icn_taxi.png */ = {isa = PBXFileReference; lastKnownFileType = image.png; path = icn_taxi.png; sourceTree = "<group>"; };
		97BB53B91E5C96C200600E22 /* icn_call.png */ = {isa = PBXFileReference; lastKnownFileType = image.png; path = icn_call.png; sourceTree = "<group>"; };
		97BB53BD1E5C9A3900600E22 /* btn_back.png */ = {isa = PBXFileReference; lastKnownFileType = image.png; path = btn_back.png; sourceTree = "<group>"; };
		97BB53BF1E5C9C2400600E22 /* btn_police.png */ = {isa = PBXFileReference; lastKnownFileType = image.png; path = btn_police.png; sourceTree = "<group>"; };
		97BB53C11E5C9FE200600E22 /* btn_call.png */ = {isa = PBXFileReference; lastKnownFileType = image.png; path = btn_call.png; sourceTree = "<group>"; };
		97BB53C21E5C9FE200600E22 /* btn_hospital.png */ = {isa = PBXFileReference; lastKnownFileType = image.png; path = btn_hospital.png; sourceTree = "<group>"; };
		97BB53C31E5C9FE200600E22 /* btn_repair.png */ = {isa = PBXFileReference; lastKnownFileType = image.png; path = btn_repair.png; sourceTree = "<group>"; };
		97BB53C41E5C9FE200600E22 /* btn_taxi.png */ = {isa = PBXFileReference; lastKnownFileType = image.png; path = btn_taxi.png; sourceTree = "<group>"; };
		97BB53C51E5C9FE200600E22 /* btn_truck.png */ = {isa = PBXFileReference; lastKnownFileType = image.png; path = btn_truck.png; sourceTree = "<group>"; };
		97BB53CB1E5DC3EC00600E22 /* verdicts.html */ = {isa = PBXFileReference; fileEncoding = 4; lastKnownFileType = text.html; path = verdicts.html; sourceTree = "<group>"; };
		97BB53CD1E5DC61100600E22 /* AboutUsViewController.swift */ = {isa = PBXFileReference; fileEncoding = 4; lastKnownFileType = sourcecode.swift; path = AboutUsViewController.swift; sourceTree = "<group>"; };
		97BB53CF1E5DCD1C00600E22 /* aboutus.html */ = {isa = PBXFileReference; fileEncoding = 4; lastKnownFileType = text.html; path = aboutus.html; sourceTree = "<group>"; };
		97C5B7581E68A41100C25E05 /* LoginViewController.swift */ = {isa = PBXFileReference; fileEncoding = 4; lastKnownFileType = sourcecode.swift; path = LoginViewController.swift; sourceTree = "<group>"; };
		97C5B75C1E68A74700C25E05 /* btnLogin.png */ = {isa = PBXFileReference; lastKnownFileType = image.png; path = btnLogin.png; sourceTree = "<group>"; };
		97C5B75D1E68A74700C25E05 /* login_back.png */ = {isa = PBXFileReference; lastKnownFileType = image.png; path = login_back.png; sourceTree = "<group>"; };
		97C5B7601E68A8AF00C25E05 /* login_icon.png */ = {isa = PBXFileReference; lastKnownFileType = image.png; path = login_icon.png; sourceTree = "<group>"; };
		97C5B7611E68A8AF00C25E05 /* login_name.png */ = {isa = PBXFileReference; lastKnownFileType = image.png; path = login_name.png; sourceTree = "<group>"; };
		97C5B7641E68C03A00C25E05 /* ChatViewController.swift */ = {isa = PBXFileReference; fileEncoding = 4; lastKnownFileType = sourcecode.swift; path = ChatViewController.swift; sourceTree = "<group>"; };
		97CB3FB11E5F19B300EF1029 /* ContactUs.swift */ = {isa = PBXFileReference; fileEncoding = 4; lastKnownFileType = sourcecode.swift; path = ContactUs.swift; sourceTree = "<group>"; };
		97CB3FB41E5F2D8F00EF1029 /* MessageUI.framework */ = {isa = PBXFileReference; lastKnownFileType = wrapper.framework; name = MessageUI.framework; path = System/Library/Frameworks/MessageUI.framework; sourceTree = SDKROOT; };
		97CB3FB61E5F2DA900EF1029 /* Messages.framework */ = {isa = PBXFileReference; lastKnownFileType = wrapper.framework; name = Messages.framework; path = System/Library/Frameworks/Messages.framework; sourceTree = SDKROOT; };
		97D055871E6995D4007272F7 /* GoogleService-Info.plist */ = {isa = PBXFileReference; fileEncoding = 4; lastKnownFileType = text.plist.xml; path = "GoogleService-Info.plist"; sourceTree = "<group>"; };
		97D055891E699601007272F7 /* HardingLaw.entitlements */ = {isa = PBXFileReference; lastKnownFileType = text.plist.entitlements; path = HardingLaw.entitlements; sourceTree = "<group>"; };
		97FF69391E6F3CDB0068EAFA /* icn_bell.png */ = {isa = PBXFileReference; lastKnownFileType = image.png; path = icn_bell.png; sourceTree = "<group>"; };
/* End PBXFileReference section */

/* Begin PBXFrameworksBuildPhase section */
		978A19791E59E877005AF43C /* Frameworks */ = {
			isa = PBXFrameworksBuildPhase;
			buildActionMask = 2147483647;
			files = (
				9746A9391E5F52D40013D856 /* CoreLocation.framework in Frameworks */,
				9746A91D1E5F4C1B0013D856 /* MapKit.framework in Frameworks */,
				97CB3FB71E5F2DA900EF1029 /* Messages.framework in Frameworks */,
				97CB3FB51E5F2D8F00EF1029 /* MessageUI.framework in Frameworks */,
				0CA458E25589CF45573CD1A6 /* Pods_HardingLaw.framework in Frameworks */,
			);
			runOnlyForDeploymentPostprocessing = 0;
		};
		978A198F1E59E878005AF43C /* Frameworks */ = {
			isa = PBXFrameworksBuildPhase;
			buildActionMask = 2147483647;
			files = (
			);
			runOnlyForDeploymentPostprocessing = 0;
		};
		978A199A1E59E878005AF43C /* Frameworks */ = {
			isa = PBXFrameworksBuildPhase;
			buildActionMask = 2147483647;
			files = (
			);
			runOnlyForDeploymentPostprocessing = 0;
		};
/* End PBXFrameworksBuildPhase section */

/* Begin PBXGroup section */
		978A19731E59E877005AF43C = {
			isa = PBXGroup;
			children = (
				978A197E1E59E877005AF43C /* HardingLaw */,
				978A19951E59E878005AF43C /* HardingLawTests */,
				978A19A01E59E878005AF43C /* HardingLawUITests */,
				978A197D1E59E877005AF43C /* Products */,
				97CB3FB31E5F2D8F00EF1029 /* Frameworks */,
				AC87DE42C691ECFD0FACFBFC /* Pods */,
			);
			sourceTree = "<group>";
		};
		978A197D1E59E877005AF43C /* Products */ = {
			isa = PBXGroup;
			children = (
				978A197C1E59E877005AF43C /* HardingLaw.app */,
				978A19921E59E878005AF43C /* HardingLawTests.xctest */,
				978A199D1E59E878005AF43C /* HardingLawUITests.xctest */,
			);
			name = Products;
			sourceTree = "<group>";
		};
		978A197E1E59E877005AF43C /* HardingLaw */ = {
			isa = PBXGroup;
			children = (
				97D055891E699601007272F7 /* HardingLaw.entitlements */,
				97D055871E6995D4007272F7 /* GoogleService-Info.plist */,
				978A19B31E59FFDA005AF43C /* Resource */,
				978A197F1E59E877005AF43C /* AppDelegate.swift */,
				978A19811E59E877005AF43C /* HomeViewController.swift */,
				97C5B7581E68A41100C25E05 /* LoginViewController.swift */,
				97CB3FB11E5F19B300EF1029 /* ContactUs.swift */,
				978A19831E59E877005AF43C /* VerdictsViewController.swift */,
				97BB53CD1E5DC61100600E22 /* AboutUsViewController.swift */,
				97BB53A01E5BD37900600E22 /* HowToUseAppViewController.swift */,
				9747040B1E5E197F004AA051 /* NewInjuryViewController.swift */,
				9746A93A1E6006270013D856 /* MediaViewController.swift */,
				9747040D1E5E1A2B004AA051 /* EmergencyServiceViewController.swift */,
				974704111E5E2112004AA051 /* ShareViewController.swift */,
				9746A91A1E5F44C50013D856 /* AttoneyLocationViewController.swift */,
				97A0F7541E6499FC006303E3 /* NearbyMapViewController.swift */,
				97A0F7561E65CC83006303E3 /* LocationPickerViewController.swift */,
				9781269D1E6E603A00280F15 /* NotificationContainerViewController.swift */,
				9781269B1E6E5F3F00280F15 /* NotificationsViewController.swift */,
				972F601C1E6D0543007BC8EF /* CreateChannelCell.swift */,
				972F60181E6D03AB007BC8EF /* ChannelListViewController.swift */,
				97C5B7641E68C03A00C25E05 /* ChatViewController.swift */,
				972F60201E6D2661007BC8EF /* MessageViewController.swift */,
				972F601A1E6D047C007BC8EF /* Channel.swift */,
				978126991E6E4EE100280F15 /* Notification.swift */,
				978A19881E59E877005AF43C /* Assets.xcassets */,
				972F60221E6D39EB007BC8EF /* Main.storyboard */,
				978A198A1E59E878005AF43C /* LaunchScreen.storyboard */,
				978A198D1E59E878005AF43C /* Info.plist */,
				972F601E1E6D0611007BC8EF /* UIImage+Gif.swift */,
			);
			path = HardingLaw;
			sourceTree = "<group>";
		};
		978A19951E59E878005AF43C /* HardingLawTests */ = {
			isa = PBXGroup;
			children = (
				978A19961E59E878005AF43C /* HardingLawTests.swift */,
				978A19981E59E878005AF43C /* Info.plist */,
			);
			path = HardingLawTests;
			sourceTree = "<group>";
		};
		978A19A01E59E878005AF43C /* HardingLawUITests */ = {
			isa = PBXGroup;
			children = (
				978A19A11E59E878005AF43C /* HardingLawUITests.swift */,
				978A19A31E59E878005AF43C /* Info.plist */,
			);
			path = HardingLawUITests;
			sourceTree = "<group>";
		};
		978A19B31E59FFDA005AF43C /* Resource */ = {
			isa = PBXGroup;
			children = (
				974703F31E5DD592004AA051 /* Phil-and-Jeff.jpg */,
				97BB53CF1E5DCD1C00600E22 /* aboutus.html */,
				97BB53CB1E5DC3EC00600E22 /* verdicts.html */,
				978A19B41E59FFDA005AF43C /* image */,
			);
			path = Resource;
			sourceTree = "<group>";
		};
		978A19B41E59FFDA005AF43C /* image */ = {
			isa = PBXGroup;
			children = (
				97FF69391E6F3CDB0068EAFA /* icn_bell.png */,
				97949A191E6DAAB8003E2649 /* icn_detail.png */,
				972B84F21E6D960A00E5FC46 /* icn_message.png */,
				97C5B7601E68A8AF00C25E05 /* login_icon.png */,
				97C5B7611E68A8AF00C25E05 /* login_name.png */,
				97C5B75C1E68A74700C25E05 /* btnLogin.png */,
				97C5B75D1E68A74700C25E05 /* login_back.png */,
				9746A91E1E5F51BD0013D856 /* 20.png */,
				9746A91F1E5F51BD0013D856 /* 29.png */,
				9746A9201E5F51BD0013D856 /* 58.png */,
				9746A9211E5F51BD0013D856 /* 60.png */,
				9746A9221E5F51BD0013D856 /* 76.png */,
				9746A9231E5F51BD0013D856 /* 80.png */,
				9746A9241E5F51BD0013D856 /* 87.png */,
				9746A9251E5F51BD0013D856 /* 120.png */,
				9746A9261E5F51BD0013D856 /* 152.png */,
				9746A9271E5F51BD0013D856 /* 167.png */,
				9746A9281E5F51BD0013D856 /* 180.png */,
				9746A9291E5F51BD0013D856 /* 40.png */,
				9746A92A1E5F51BD0013D856 /* background_.png */,
				974704131E5E27C9004AA051 /* icn_notification.png */,
				9747040F1E5E1D69004AA051 /* icn_share.png */,
				974704091E5DFA0E004AA051 /* btnNext.png */,
				974704051E5DF722004AA051 /* btnRoundBack.png */,
				974703FD1E5DEC2F004AA051 /* btn_takephoto.png */,
				974703FE1E5DEC2F004AA051 /* icn_date.png */,
				974703FF1E5DEC2F004AA051 /* icn_location.png */,
				974704001E5DEC2F004AA051 /* icn_time.png */,
				974703F51E5DDA9D004AA051 /* btn_call_attorney.png */,
				974703F61E5DDA9D004AA051 /* btn_chat.png */,
				974703F71E5DDA9D004AA051 /* btn_email.png */,
				974703F81E5DDA9D004AA051 /* btn_location.png */,
				97BB53C11E5C9FE200600E22 /* btn_call.png */,
				97BB53C21E5C9FE200600E22 /* btn_hospital.png */,
				97BB53C31E5C9FE200600E22 /* btn_repair.png */,
				97BB53C41E5C9FE200600E22 /* btn_taxi.png */,
				97BB53C51E5C9FE200600E22 /* btn_truck.png */,
				97BB53BF1E5C9C2400600E22 /* btn_police.png */,
				97BB53BD1E5C9A3900600E22 /* btn_back.png */,
				97BB53B91E5C96C200600E22 /* icn_call.png */,
				97BB53B71E5C95DB00600E22 /* icn_taxi.png */,
				97BB53B51E5C94A600600E22 /* icn_hospital.png */,
				97BB53B31E5C924C00600E22 /* icn_carrepair.png */,
				97BB53B11E5C90BA00600E22 /* icn_police.png */,
				97BB53AF1E5C89A700600E22 /* background.png */,
				97BB53A81E5C61E700600E22 /* howtouse1.png */,
				97BB53A91E5C61E700600E22 /* howtouse2.png */,
				97BB53A61E5C546800600E22 /* btnBack1.png */,
				97BB53A21E5BFE4900600E22 /* btnBack.png */,
				97BB53A31E5BFE4900600E22 /* topbarback.png */,
				978A19DB1E5A0E26005AF43C /* btn1.png */,
				978A19DC1E5A0E26005AF43C /* btn2.png */,
				978A19DD1E5A0E26005AF43C /* btn3.png */,
				978A19DE1E5A0E26005AF43C /* btn4.png */,
				978A19DF1E5A0E26005AF43C /* btn5.png */,
				978A19E01E5A0E26005AF43C /* btn6.png */,
				978A19D51E5A07EE005AF43C /* logo.png */,
				978A19D61E5A07EE005AF43C /* topbar.png */,
				978A19D71E5A07EE005AF43C /* topbar@2x.png */,
				978A19C51E5A03C8005AF43C /* icn_about_us.png */,
				978A19C61E5A03C8005AF43C /* icn_about_us@2x.png */,
				978A19C71E5A03C8005AF43C /* icn_contacts.png */,
				978A19C81E5A03C8005AF43C /* icn_contacts@2x.png */,
				978A19C91E5A03C8005AF43C /* icn_home.png */,
				978A19CA1E5A03C8005AF43C /* icn_home@2x.png */,
				978A19CB1E5A03C8005AF43C /* icn_media.png */,
				978A19CC1E5A03C8005AF43C /* icn_media@2x.png */,
				978A19B51E59FFDA005AF43C /* splash1136.png */,
				978A19B61E59FFDA005AF43C /* splash1136@2x.png */,
				978A19B71E59FFDA005AF43C /* splash480.png */,
				978A19B81E59FFDA005AF43C /* splash640.png */,
			);
			path = image;
			sourceTree = "<group>";
		};
		97CB3FB31E5F2D8F00EF1029 /* Frameworks */ = {
			isa = PBXGroup;
			children = (
				9746A9381E5F52D40013D856 /* CoreLocation.framework */,
				9746A91C1E5F4C1B0013D856 /* MapKit.framework */,
				97CB3FB61E5F2DA900EF1029 /* Messages.framework */,
				97CB3FB41E5F2D8F00EF1029 /* MessageUI.framework */,
				74FF42553147017757177C12 /* Pods_HardingLaw.framework */,
			);
			name = Frameworks;
			sourceTree = "<group>";
		};
		AC87DE42C691ECFD0FACFBFC /* Pods */ = {
			isa = PBXGroup;
			children = (
				84D304CE3BC00A289B97A175 /* Pods-HardingLaw.debug.xcconfig */,
				776A4A0FA55D9C29B6724A99 /* Pods-HardingLaw.release.xcconfig */,
			);
			name = Pods;
			sourceTree = "<group>";
		};
/* End PBXGroup section */

/* Begin PBXNativeTarget section */
		978A197B1E59E877005AF43C /* HardingLaw */ = {
			isa = PBXNativeTarget;
			buildConfigurationList = 978A19A61E59E878005AF43C /* Build configuration list for PBXNativeTarget "HardingLaw" */;
			buildPhases = (
				29BA9AF60EED352DA1DC444B /* [CP] Check Pods Manifest.lock */,
				978A19781E59E877005AF43C /* Sources */,
				978A19791E59E877005AF43C /* Frameworks */,
				978A197A1E59E877005AF43C /* Resources */,
				EDCDBB8239A18F05577EEF77 /* [CP] Embed Pods Frameworks */,
				CDB053DF362EF05E241F9AC3 /* [CP] Copy Pods Resources */,
			);
			buildRules = (
			);
			dependencies = (
			);
			name = HardingLaw;
			productName = HardingLaw;
			productReference = 978A197C1E59E877005AF43C /* HardingLaw.app */;
			productType = "com.apple.product-type.application";
		};
		978A19911E59E878005AF43C /* HardingLawTests */ = {
			isa = PBXNativeTarget;
			buildConfigurationList = 978A19A91E59E878005AF43C /* Build configuration list for PBXNativeTarget "HardingLawTests" */;
			buildPhases = (
				978A198E1E59E878005AF43C /* Sources */,
				978A198F1E59E878005AF43C /* Frameworks */,
				978A19901E59E878005AF43C /* Resources */,
			);
			buildRules = (
			);
			dependencies = (
				978A19941E59E878005AF43C /* PBXTargetDependency */,
			);
			name = HardingLawTests;
			productName = HardingLawTests;
			productReference = 978A19921E59E878005AF43C /* HardingLawTests.xctest */;
			productType = "com.apple.product-type.bundle.unit-test";
		};
		978A199C1E59E878005AF43C /* HardingLawUITests */ = {
			isa = PBXNativeTarget;
			buildConfigurationList = 978A19AC1E59E878005AF43C /* Build configuration list for PBXNativeTarget "HardingLawUITests" */;
			buildPhases = (
				978A19991E59E878005AF43C /* Sources */,
				978A199A1E59E878005AF43C /* Frameworks */,
				978A199B1E59E878005AF43C /* Resources */,
			);
			buildRules = (
			);
			dependencies = (
				978A199F1E59E878005AF43C /* PBXTargetDependency */,
			);
			name = HardingLawUITests;
			productName = HardingLawUITests;
			productReference = 978A199D1E59E878005AF43C /* HardingLawUITests.xctest */;
			productType = "com.apple.product-type.bundle.ui-testing";
		};
/* End PBXNativeTarget section */

/* Begin PBXProject section */
		978A19741E59E877005AF43C /* Project object */ = {
			isa = PBXProject;
			attributes = {
				LastSwiftUpdateCheck = 0820;
				LastUpgradeCheck = 0820;
				ORGANIZATIONNAME = "mobile developer";
				TargetAttributes = {
					978A197B1E59E877005AF43C = {
						CreatedOnToolsVersion = 8.2.1;
						DevelopmentTeam = Q45EDYR9DX;
						ProvisioningStyle = Automatic;
						SystemCapabilities = {
							com.apple.BackgroundModes = {
								enabled = 1;
							};
							com.apple.Push = {
								enabled = 1;
							};
						};
					};
					978A19911E59E878005AF43C = {
						CreatedOnToolsVersion = 8.2.1;
						ProvisioningStyle = Automatic;
						TestTargetID = 978A197B1E59E877005AF43C;
					};
					978A199C1E59E878005AF43C = {
						CreatedOnToolsVersion = 8.2.1;
						ProvisioningStyle = Automatic;
						TestTargetID = 978A197B1E59E877005AF43C;
					};
				};
			};
			buildConfigurationList = 978A19771E59E877005AF43C /* Build configuration list for PBXProject "HardingLaw" */;
			compatibilityVersion = "Xcode 3.2";
			developmentRegion = English;
			hasScannedForEncodings = 0;
			knownRegions = (
				en,
				Base,
			);
			mainGroup = 978A19731E59E877005AF43C;
			productRefGroup = 978A197D1E59E877005AF43C /* Products */;
			projectDirPath = "";
			projectRoot = "";
			targets = (
				978A197B1E59E877005AF43C /* HardingLaw */,
				978A19911E59E878005AF43C /* HardingLawTests */,
				978A199C1E59E878005AF43C /* HardingLawUITests */,
			);
		};
/* End PBXProject section */

/* Begin PBXResourcesBuildPhase section */
		978A197A1E59E877005AF43C /* Resources */ = {
			isa = PBXResourcesBuildPhase;
			buildActionMask = 2147483647;
			files = (
				97BB53CC1E5DC3EC00600E22 /* verdicts.html in Resources */,
				97BB53BA1E5C96C200600E22 /* icn_call.png in Resources */,
				97D055881E6995D4007272F7 /* GoogleService-Info.plist in Resources */,
				978A19CE1E5A03C8005AF43C /* icn_about_us@2x.png in Resources */,
				97BB53B01E5C89A700600E22 /* background.png in Resources */,
				974704101E5E1D69004AA051 /* icn_share.png in Resources */,
				978A19E41E5A0E26005AF43C /* btn4.png in Resources */,
				978A19E21E5A0E26005AF43C /* btn2.png in Resources */,
				9746A9371E5F51BD0013D856 /* background_.png in Resources */,
				97BB53D01E5DCD1C00600E22 /* aboutus.html in Resources */,
				97C5B7631E68A8AF00C25E05 /* login_name.png in Resources */,
				978A19D11E5A03C8005AF43C /* icn_home.png in Resources */,
				972B84F31E6D960A00E5FC46 /* icn_message.png in Resources */,
				974703F91E5DDA9D004AA051 /* btn_call_attorney.png in Resources */,
				9746A92D1E5F51BD0013D856 /* 58.png in Resources */,
				97C5B75E1E68A74700C25E05 /* btnLogin.png in Resources */,
				978A19D41E5A03C8005AF43C /* icn_media@2x.png in Resources */,
				978A19E61E5A0E26005AF43C /* btn6.png in Resources */,
				97BB53C71E5C9FE200600E22 /* btn_hospital.png in Resources */,
				978A198C1E59E878005AF43C /* LaunchScreen.storyboard in Resources */,
				9746A9301E5F51BD0013D856 /* 80.png in Resources */,
				97BB53A41E5BFE4900600E22 /* btnBack.png in Resources */,
				978A19BB1E59FFDA005AF43C /* splash480.png in Resources */,
				9746A9331E5F51BD0013D856 /* 152.png in Resources */,
				97BB53C91E5C9FE200600E22 /* btn_taxi.png in Resources */,
				978A19BA1E59FFDA005AF43C /* splash1136@2x.png in Resources */,
				978A19D31E5A03C8005AF43C /* icn_media.png in Resources */,
				978A19891E59E877005AF43C /* Assets.xcassets in Resources */,
				978A19D91E5A07EE005AF43C /* topbar.png in Resources */,
				974703F41E5DD592004AA051 /* Phil-and-Jeff.jpg in Resources */,
				97BB53A71E5C546800600E22 /* btnBack1.png in Resources */,
				974704011E5DEC2F004AA051 /* btn_takephoto.png in Resources */,
				97BB53B61E5C94A600600E22 /* icn_hospital.png in Resources */,
				9746A92E1E5F51BD0013D856 /* 60.png in Resources */,
				978A19BC1E59FFDA005AF43C /* splash640.png in Resources */,
				97C5B7621E68A8AF00C25E05 /* login_icon.png in Resources */,
				97BB53AB1E5C61E700600E22 /* howtouse2.png in Resources */,
				97BB53AA1E5C61E700600E22 /* howtouse1.png in Resources */,
				978A19E51E5A0E26005AF43C /* btn5.png in Resources */,
				9747040A1E5DFA0E004AA051 /* btnNext.png in Resources */,
				9746A92F1E5F51BD0013D856 /* 76.png in Resources */,
				97BB53B81E5C95DB00600E22 /* icn_taxi.png in Resources */,
				9746A9361E5F51BD0013D856 /* 40.png in Resources */,
				974703FA1E5DDA9D004AA051 /* btn_chat.png in Resources */,
				974704141E5E27C9004AA051 /* icn_notification.png in Resources */,
				97BB53C81E5C9FE200600E22 /* btn_repair.png in Resources */,
				978A19CD1E5A03C8005AF43C /* icn_about_us.png in Resources */,
				978A19E11E5A0E26005AF43C /* btn1.png in Resources */,
				9746A9341E5F51BD0013D856 /* 167.png in Resources */,
				9746A9311E5F51BD0013D856 /* 87.png in Resources */,
				97BB53A51E5BFE4900600E22 /* topbarback.png in Resources */,
				97BB53B41E5C924C00600E22 /* icn_carrepair.png in Resources */,
				972F60241E6D39EB007BC8EF /* Main.storyboard in Resources */,
				97BB53C61E5C9FE200600E22 /* btn_call.png in Resources */,
				978A19DA1E5A07EE005AF43C /* topbar@2x.png in Resources */,
				974704031E5DEC2F004AA051 /* icn_location.png in Resources */,
				9746A92B1E5F51BD0013D856 /* 20.png in Resources */,
				978A19D21E5A03C8005AF43C /* icn_home@2x.png in Resources */,
				974703FC1E5DDA9D004AA051 /* btn_location.png in Resources */,
				978A19D81E5A07EE005AF43C /* logo.png in Resources */,
				974704021E5DEC2F004AA051 /* icn_date.png in Resources */,
				9746A9321E5F51BD0013D856 /* 120.png in Resources */,
				97C5B75F1E68A74700C25E05 /* login_back.png in Resources */,
				978A19E31E5A0E26005AF43C /* btn3.png in Resources */,
				974704061E5DF722004AA051 /* btnRoundBack.png in Resources */,
				978A19B91E59FFDA005AF43C /* splash1136.png in Resources */,
				978A19CF1E5A03C8005AF43C /* icn_contacts.png in Resources */,
				9746A92C1E5F51BD0013D856 /* 29.png in Resources */,
				97BB53B21E5C90BA00600E22 /* icn_police.png in Resources */,
				97949A1A1E6DAAB8003E2649 /* icn_detail.png in Resources */,
				974704041E5DEC2F004AA051 /* icn_time.png in Resources */,
				974703FB1E5DDA9D004AA051 /* btn_email.png in Resources */,
				9746A9351E5F51BD0013D856 /* 180.png in Resources */,
				97BB53CA1E5C9FE200600E22 /* btn_truck.png in Resources */,
				978A19D01E5A03C8005AF43C /* icn_contacts@2x.png in Resources */,
				97FF693A1E6F3CDB0068EAFA /* icn_bell.png in Resources */,
				97BB53C01E5C9C2400600E22 /* btn_police.png in Resources */,
				97BB53BE1E5C9A3900600E22 /* btn_back.png in Resources */,
			);
			runOnlyForDeploymentPostprocessing = 0;
		};
		978A19901E59E878005AF43C /* Resources */ = {
			isa = PBXResourcesBuildPhase;
			buildActionMask = 2147483647;
			files = (
			);
			runOnlyForDeploymentPostprocessing = 0;
		};
		978A199B1E59E878005AF43C /* Resources */ = {
			isa = PBXResourcesBuildPhase;
			buildActionMask = 2147483647;
			files = (
			);
			runOnlyForDeploymentPostprocessing = 0;
		};
/* End PBXResourcesBuildPhase section */

/* Begin PBXShellScriptBuildPhase section */
		29BA9AF60EED352DA1DC444B /* [CP] Check Pods Manifest.lock */ = {
			isa = PBXShellScriptBuildPhase;
			buildActionMask = 2147483647;
			files = (
			);
			inputPaths = (
			);
			name = "[CP] Check Pods Manifest.lock";
			outputPaths = (
			);
			runOnlyForDeploymentPostprocessing = 0;
			shellPath = /bin/sh;
			shellScript = "diff \"${PODS_ROOT}/../Podfile.lock\" \"${PODS_ROOT}/Manifest.lock\" > /dev/null\nif [ $? != 0 ] ; then\n    # print error to STDERR\n    echo \"error: The sandbox is not in sync with the Podfile.lock. Run 'pod install' or update your CocoaPods installation.\" >&2\n    exit 1\nfi\n";
			showEnvVarsInLog = 0;
		};
		CDB053DF362EF05E241F9AC3 /* [CP] Copy Pods Resources */ = {
			isa = PBXShellScriptBuildPhase;
			buildActionMask = 2147483647;
			files = (
			);
			inputPaths = (
			);
			name = "[CP] Copy Pods Resources";
			outputPaths = (
			);
			runOnlyForDeploymentPostprocessing = 0;
			shellPath = /bin/sh;
			shellScript = "\"${SRCROOT}/Pods/Target Support Files/Pods-HardingLaw/Pods-HardingLaw-resources.sh\"\n";
			showEnvVarsInLog = 0;
		};
		EDCDBB8239A18F05577EEF77 /* [CP] Embed Pods Frameworks */ = {
			isa = PBXShellScriptBuildPhase;
			buildActionMask = 2147483647;
			files = (
			);
			inputPaths = (
			);
			name = "[CP] Embed Pods Frameworks";
			outputPaths = (
			);
			runOnlyForDeploymentPostprocessing = 0;
			shellPath = /bin/sh;
			shellScript = "\"${SRCROOT}/Pods/Target Support Files/Pods-HardingLaw/Pods-HardingLaw-frameworks.sh\"\n";
			showEnvVarsInLog = 0;
		};
/* End PBXShellScriptBuildPhase section */

/* Begin PBXSourcesBuildPhase section */
		978A19781E59E877005AF43C /* Sources */ = {
			isa = PBXSourcesBuildPhase;
			buildActionMask = 2147483647;
			files = (
				972F601F1E6D0611007BC8EF /* UIImage+Gif.swift in Sources */,
				97C5B7591E68A41100C25E05 /* LoginViewController.swift in Sources */,
				9747040C1E5E197F004AA051 /* NewInjuryViewController.swift in Sources */,
				97BB53CE1E5DC61100600E22 /* AboutUsViewController.swift in Sources */,
				97A0F7551E6499FC006303E3 /* NearbyMapViewController.swift in Sources */,
				9781269E1E6E603A00280F15 /* NotificationContainerViewController.swift in Sources */,
				972F601B1E6D047C007BC8EF /* Channel.swift in Sources */,
				978A19841E59E877005AF43C /* VerdictsViewController.swift in Sources */,
				978A19801E59E877005AF43C /* AppDelegate.swift in Sources */,
				9781269A1E6E4EE100280F15 /* Notification.swift in Sources */,
				97A0F7571E65CC83006303E3 /* LocationPickerViewController.swift in Sources */,
				978A19821E59E877005AF43C /* HomeViewController.swift in Sources */,
				9746A91B1E5F44C50013D856 /* AttoneyLocationViewController.swift in Sources */,
				9747040E1E5E1A2B004AA051 /* EmergencyServiceViewController.swift in Sources */,
				972F601D1E6D0543007BC8EF /* CreateChannelCell.swift in Sources */,
				974704121E5E2112004AA051 /* ShareViewController.swift in Sources */,
				972F60211E6D2661007BC8EF /* MessageViewController.swift in Sources */,
				97BB53A11E5BD37900600E22 /* HowToUseAppViewController.swift in Sources */,
				9746A93B1E6006270013D856 /* MediaViewController.swift in Sources */,
				97C5B7651E68C03A00C25E05 /* ChatViewController.swift in Sources */,
				9781269C1E6E5F3F00280F15 /* NotificationsViewController.swift in Sources */,
				972F60191E6D03AB007BC8EF /* ChannelListViewController.swift in Sources */,
				97CB3FB21E5F19B300EF1029 /* ContactUs.swift in Sources */,
			);
			runOnlyForDeploymentPostprocessing = 0;
		};
		978A198E1E59E878005AF43C /* Sources */ = {
			isa = PBXSourcesBuildPhase;
			buildActionMask = 2147483647;
			files = (
				978A19971E59E878005AF43C /* HardingLawTests.swift in Sources */,
			);
			runOnlyForDeploymentPostprocessing = 0;
		};
		978A19991E59E878005AF43C /* Sources */ = {
			isa = PBXSourcesBuildPhase;
			buildActionMask = 2147483647;
			files = (
				978A19A21E59E878005AF43C /* HardingLawUITests.swift in Sources */,
			);
			runOnlyForDeploymentPostprocessing = 0;
		};
/* End PBXSourcesBuildPhase section */

/* Begin PBXTargetDependency section */
		978A19941E59E878005AF43C /* PBXTargetDependency */ = {
			isa = PBXTargetDependency;
			target = 978A197B1E59E877005AF43C /* HardingLaw */;
			targetProxy = 978A19931E59E878005AF43C /* PBXContainerItemProxy */;
		};
		978A199F1E59E878005AF43C /* PBXTargetDependency */ = {
			isa = PBXTargetDependency;
			target = 978A197B1E59E877005AF43C /* HardingLaw */;
			targetProxy = 978A199E1E59E878005AF43C /* PBXContainerItemProxy */;
		};
/* End PBXTargetDependency section */

/* Begin PBXVariantGroup section */
		972F60221E6D39EB007BC8EF /* Main.storyboard */ = {
			isa = PBXVariantGroup;
			children = (
				972F60231E6D39EB007BC8EF /* Base */,
			);
			name = Main.storyboard;
			sourceTree = "<group>";
		};
		978A198A1E59E878005AF43C /* LaunchScreen.storyboard */ = {
			isa = PBXVariantGroup;
			children = (
				978A198B1E59E878005AF43C /* Base */,
			);
			name = LaunchScreen.storyboard;
			sourceTree = "<group>";
		};
/* End PBXVariantGroup section */

/* Begin XCBuildConfiguration section */
		978A19A41E59E878005AF43C /* Debug */ = {
			isa = XCBuildConfiguration;
			buildSettings = {
				ALWAYS_SEARCH_USER_PATHS = NO;
				CLANG_ANALYZER_NONNULL = YES;
				CLANG_CXX_LANGUAGE_STANDARD = "gnu++0x";
				CLANG_CXX_LIBRARY = "libc++";
				CLANG_ENABLE_MODULES = YES;
				CLANG_ENABLE_OBJC_ARC = YES;
				CLANG_WARN_BOOL_CONVERSION = YES;
				CLANG_WARN_CONSTANT_CONVERSION = YES;
				CLANG_WARN_DIRECT_OBJC_ISA_USAGE = YES_ERROR;
				CLANG_WARN_DOCUMENTATION_COMMENTS = YES;
				CLANG_WARN_EMPTY_BODY = YES;
				CLANG_WARN_ENUM_CONVERSION = YES;
				CLANG_WARN_INFINITE_RECURSION = YES;
				CLANG_WARN_INT_CONVERSION = YES;
				CLANG_WARN_OBJC_ROOT_CLASS = YES_ERROR;
				CLANG_WARN_SUSPICIOUS_MOVE = YES;
				CLANG_WARN_UNREACHABLE_CODE = YES;
				CLANG_WARN__DUPLICATE_METHOD_MATCH = YES;
				"CODE_SIGN_IDENTITY[sdk=iphoneos*]" = "iPhone Developer";
				COPY_PHASE_STRIP = NO;
				DEBUG_INFORMATION_FORMAT = dwarf;
				ENABLE_STRICT_OBJC_MSGSEND = YES;
				ENABLE_TESTABILITY = YES;
				GCC_C_LANGUAGE_STANDARD = gnu99;
				GCC_DYNAMIC_NO_PIC = NO;
				GCC_NO_COMMON_BLOCKS = YES;
				GCC_OPTIMIZATION_LEVEL = 0;
				GCC_PREPROCESSOR_DEFINITIONS = (
					"DEBUG=1",
					"$(inherited)",
				);
				GCC_WARN_64_TO_32_BIT_CONVERSION = YES;
				GCC_WARN_ABOUT_RETURN_TYPE = YES_ERROR;
				GCC_WARN_UNDECLARED_SELECTOR = YES;
				GCC_WARN_UNINITIALIZED_AUTOS = YES_AGGRESSIVE;
				GCC_WARN_UNUSED_FUNCTION = YES;
				GCC_WARN_UNUSED_VARIABLE = YES;
				IPHONEOS_DEPLOYMENT_TARGET = 10.2;
				MTL_ENABLE_DEBUG_INFO = YES;
				ONLY_ACTIVE_ARCH = YES;
				SDKROOT = iphoneos;
				SWIFT_ACTIVE_COMPILATION_CONDITIONS = DEBUG;
				SWIFT_OPTIMIZATION_LEVEL = "-Onone";
				TARGETED_DEVICE_FAMILY = "1,2";
			};
			name = Debug;
		};
		978A19A51E59E878005AF43C /* Release */ = {
			isa = XCBuildConfiguration;
			buildSettings = {
				ALWAYS_SEARCH_USER_PATHS = NO;
				CLANG_ANALYZER_NONNULL = YES;
				CLANG_CXX_LANGUAGE_STANDARD = "gnu++0x";
				CLANG_CXX_LIBRARY = "libc++";
				CLANG_ENABLE_MODULES = YES;
				CLANG_ENABLE_OBJC_ARC = YES;
				CLANG_WARN_BOOL_CONVERSION = YES;
				CLANG_WARN_CONSTANT_CONVERSION = YES;
				CLANG_WARN_DIRECT_OBJC_ISA_USAGE = YES_ERROR;
				CLANG_WARN_DOCUMENTATION_COMMENTS = YES;
				CLANG_WARN_EMPTY_BODY = YES;
				CLANG_WARN_ENUM_CONVERSION = YES;
				CLANG_WARN_INFINITE_RECURSION = YES;
				CLANG_WARN_INT_CONVERSION = YES;
				CLANG_WARN_OBJC_ROOT_CLASS = YES_ERROR;
				CLANG_WARN_SUSPICIOUS_MOVE = YES;
				CLANG_WARN_UNREACHABLE_CODE = YES;
				CLANG_WARN__DUPLICATE_METHOD_MATCH = YES;
				"CODE_SIGN_IDENTITY[sdk=iphoneos*]" = "iPhone Developer";
				COPY_PHASE_STRIP = NO;
				DEBUG_INFORMATION_FORMAT = "dwarf-with-dsym";
				ENABLE_NS_ASSERTIONS = NO;
				ENABLE_STRICT_OBJC_MSGSEND = YES;
				GCC_C_LANGUAGE_STANDARD = gnu99;
				GCC_NO_COMMON_BLOCKS = YES;
				GCC_WARN_64_TO_32_BIT_CONVERSION = YES;
				GCC_WARN_ABOUT_RETURN_TYPE = YES_ERROR;
				GCC_WARN_UNDECLARED_SELECTOR = YES;
				GCC_WARN_UNINITIALIZED_AUTOS = YES_AGGRESSIVE;
				GCC_WARN_UNUSED_FUNCTION = YES;
				GCC_WARN_UNUSED_VARIABLE = YES;
				IPHONEOS_DEPLOYMENT_TARGET = 10.2;
				MTL_ENABLE_DEBUG_INFO = NO;
				SDKROOT = iphoneos;
				SWIFT_OPTIMIZATION_LEVEL = "-Owholemodule";
				TARGETED_DEVICE_FAMILY = "1,2";
				VALIDATE_PRODUCT = YES;
			};
			name = Release;
		};
		978A19A71E59E878005AF43C /* Debug */ = {
			isa = XCBuildConfiguration;
			baseConfigurationReference = 84D304CE3BC00A289B97A175 /* Pods-HardingLaw.debug.xcconfig */;
			buildSettings = {
				ASSETCATALOG_COMPILER_APPICON_NAME = AppIcon;
				CODE_SIGN_ENTITLEMENTS = HardingLaw/HardingLaw.entitlements;
				DEVELOPMENT_TEAM = Q45EDYR9DX;
				INFOPLIST_FILE = HardingLaw/Info.plist;
				IPHONEOS_DEPLOYMENT_TARGET = 9.1;
				LD_RUNPATH_SEARCH_PATHS = "$(inherited) @executable_path/Frameworks";
				PRODUCT_BUNDLE_IDENTIFIER = com.dcmmoguls.HardingLaw;
				PRODUCT_NAME = "$(TARGET_NAME)";
				SWIFT_VERSION = 3.0;
			};
			name = Debug;
		};
		978A19A81E59E878005AF43C /* Release */ = {
			isa = XCBuildConfiguration;
			baseConfigurationReference = 776A4A0FA55D9C29B6724A99 /* Pods-HardingLaw.release.xcconfig */;
			buildSettings = {
				ASSETCATALOG_COMPILER_APPICON_NAME = AppIcon;
				CODE_SIGN_ENTITLEMENTS = HardingLaw/HardingLaw.entitlements;
				DEVELOPMENT_TEAM = Q45EDYR9DX;
				INFOPLIST_FILE = HardingLaw/Info.plist;
				IPHONEOS_DEPLOYMENT_TARGET = 9.1;
				LD_RUNPATH_SEARCH_PATHS = "$(inherited) @executable_path/Frameworks";
				PRODUCT_BUNDLE_IDENTIFIER = com.dcmmoguls.HardingLaw;
				PRODUCT_NAME = "$(TARGET_NAME)";
				SWIFT_VERSION = 3.0;
			};
			name = Release;
		};
		978A19AA1E59E878005AF43C /* Debug */ = {
			isa = XCBuildConfiguration;
			buildSettings = {
				ALWAYS_EMBED_SWIFT_STANDARD_LIBRARIES = YES;
				BUNDLE_LOADER = "$(TEST_HOST)";
				INFOPLIST_FILE = HardingLawTests/Info.plist;
				LD_RUNPATH_SEARCH_PATHS = "$(inherited) @executable_path/Frameworks @loader_path/Frameworks";
				PRODUCT_BUNDLE_IDENTIFIER = com.dcmmoguls.HardingLawTests;
				PRODUCT_NAME = "$(TARGET_NAME)";
				SWIFT_VERSION = 3.0;
				TEST_HOST = "$(BUILT_PRODUCTS_DIR)/HardingLaw.app/HardingLaw";
			};
			name = Debug;
		};
		978A19AB1E59E878005AF43C /* Release */ = {
			isa = XCBuildConfiguration;
			buildSettings = {
				ALWAYS_EMBED_SWIFT_STANDARD_LIBRARIES = YES;
				BUNDLE_LOADER = "$(TEST_HOST)";
				INFOPLIST_FILE = HardingLawTests/Info.plist;
				LD_RUNPATH_SEARCH_PATHS = "$(inherited) @executable_path/Frameworks @loader_path/Frameworks";
				PRODUCT_BUNDLE_IDENTIFIER = com.dcmmoguls.HardingLawTests;
				PRODUCT_NAME = "$(TARGET_NAME)";
				SWIFT_VERSION = 3.0;
				TEST_HOST = "$(BUILT_PRODUCTS_DIR)/HardingLaw.app/HardingLaw";
			};
			name = Release;
		};
		978A19AD1E59E878005AF43C /* Debug */ = {
			isa = XCBuildConfiguration;
			buildSettings = {
				ALWAYS_EMBED_SWIFT_STANDARD_LIBRARIES = YES;
				INFOPLIST_FILE = HardingLawUITests/Info.plist;
				LD_RUNPATH_SEARCH_PATHS = "$(inherited) @executable_path/Frameworks @loader_path/Frameworks";
				PRODUCT_BUNDLE_IDENTIFIER = com.dcmmoguls.HardingLawUITests;
				PRODUCT_NAME = "$(TARGET_NAME)";
				SWIFT_VERSION = 3.0;
				TEST_TARGET_NAME = HardingLaw;
			};
			name = Debug;
		};
		978A19AE1E59E878005AF43C /* Release */ = {
			isa = XCBuildConfiguration;
			buildSettings = {
				ALWAYS_EMBED_SWIFT_STANDARD_LIBRARIES = YES;
				INFOPLIST_FILE = HardingLawUITests/Info.plist;
				LD_RUNPATH_SEARCH_PATHS = "$(inherited) @executable_path/Frameworks @loader_path/Frameworks";
				PRODUCT_BUNDLE_IDENTIFIER = com.dcmmoguls.HardingLawUITests;
				PRODUCT_NAME = "$(TARGET_NAME)";
				SWIFT_VERSION = 3.0;
				TEST_TARGET_NAME = HardingLaw;
			};
			name = Release;
		};
/* End XCBuildConfiguration section */

/* Begin XCConfigurationList section */
		978A19771E59E877005AF43C /* Build configuration list for PBXProject "HardingLaw" */ = {
			isa = XCConfigurationList;
			buildConfigurations = (
				978A19A41E59E878005AF43C /* Debug */,
				978A19A51E59E878005AF43C /* Release */,
			);
			defaultConfigurationIsVisible = 0;
			defaultConfigurationName = Release;
		};
		978A19A61E59E878005AF43C /* Build configuration list for PBXNativeTarget "HardingLaw" */ = {
			isa = XCConfigurationList;
			buildConfigurations = (
				978A19A71E59E878005AF43C /* Debug */,
				978A19A81E59E878005AF43C /* Release */,
			);
			defaultConfigurationIsVisible = 0;
			defaultConfigurationName = Release;
		};
		978A19A91E59E878005AF43C /* Build configuration list for PBXNativeTarget "HardingLawTests" */ = {
			isa = XCConfigurationList;
			buildConfigurations = (
				978A19AA1E59E878005AF43C /* Debug */,
				978A19AB1E59E878005AF43C /* Release */,
			);
			defaultConfigurationIsVisible = 0;
			defaultConfigurationName = Release;
		};
		978A19AC1E59E878005AF43C /* Build configuration list for PBXNativeTarget "HardingLawUITests" */ = {
			isa = XCConfigurationList;
			buildConfigurations = (
				978A19AD1E59E878005AF43C /* Debug */,
				978A19AE1E59E878005AF43C /* Release */,
			);
			defaultConfigurationIsVisible = 0;
			defaultConfigurationName = Release;
		};
/* End XCConfigurationList section */
	};
	rootObject = 978A19741E59E877005AF43C /* Project object */;
}
